# This file is automatically @generated by Poetry 1.5.1 and should not be changed by hand.

[[package]]
name = "click"
version = "8.1.3"
description = "Composable command line interface toolkit"
optional = false
python-versions = ">=3.7"
files = [
    {file = "click-8.1.3-py3-none-any.whl", hash = "sha256:bb4d8133cb15a609f44e8213d9b391b0809795062913b383c62be0ee95b1db48"},
    {file = "click-8.1.3.tar.gz", hash = "sha256:7682dc8afb30297001674575ea00d1814d808d6a36af415a82bd481d37ba7b8e"},
]

[package.dependencies]
colorama = {version = "*", markers = "platform_system == \"Windows\""}

[[package]]
name = "colorama"
version = "0.4.6"
description = "Cross-platform colored terminal text."
optional = false
python-versions = "!=3.0.*,!=3.1.*,!=3.2.*,!=3.3.*,!=3.4.*,!=3.5.*,!=3.6.*,>=2.7"
files = [
    {file = "colorama-0.4.6-py2.py3-none-any.whl", hash = "sha256:4f1d9991f5acc0ca119f9d443620b77f9d6b33703e51011c16baf57afb285fc6"},
    {file = "colorama-0.4.6.tar.gz", hash = "sha256:08695f5cb7ed6e0531a20572697297273c47b8cae5a63ffc6d6ed5c201be6e44"},
]

[[package]]
name = "exifread"
version = "3.0.0"
description = "Read Exif metadata from tiff and jpeg files."
optional = false
python-versions = "*"
files = [
    {file = "ExifRead-3.0.0-py3-none-any.whl", hash = "sha256:2c5c59ef03b3bbee75b82b82d2498006b3c13509f35c9a76c7552faff73fa2d5"},
    {file = "ExifRead-3.0.0.tar.gz", hash = "sha256:0ac5a364169dbdf2bd62f94f5c073970ab6694a3166177f5e448b10c943e2ca4"},
]

[package.extras]
dev = ["mypy (==0.950)", "pylint (==2.13.8)"]

[[package]]
name = "ffmpeg-python"
version = "0.2.0"
description = "Python bindings for FFmpeg - with complex filtering support"
optional = false
python-versions = "*"
files = [
    {file = "ffmpeg-python-0.2.0.tar.gz", hash = "sha256:65225db34627c578ef0e11c8b1eb528bb35e024752f6f10b78c011f6f64c4127"},
    {file = "ffmpeg_python-0.2.0-py3-none-any.whl", hash = "sha256:ac441a0404e053f8b6a1113a77c0f452f1cfc62f6344a769475ffdc0f56c23c5"},
]

[package.dependencies]
future = "*"

[package.extras]
dev = ["Sphinx (==2.1.0)", "future (==0.17.1)", "numpy (==1.16.4)", "pytest (==4.6.1)", "pytest-mock (==1.10.4)", "tox (==3.12.1)"]

[[package]]
name = "future"
version = "0.18.3"
description = "Clean single-source support for Python 3 and 2"
optional = false
python-versions = ">=2.6, !=3.0.*, !=3.1.*, !=3.2.*"
files = [
    {file = "future-0.18.3.tar.gz", hash = "sha256:34a17436ed1e96697a86f9de3d15a3b0be01d8bc8de9c1dffd59fb8234ed5307"},
]

[[package]]
name = "pillow"
version = "10.0.0"
description = "Python Imaging Library (Fork)"
optional = false
python-versions = ">=3.8"
files = [
    {file = "Pillow-10.0.0-cp310-cp310-macosx_10_10_x86_64.whl", hash = "sha256:1f62406a884ae75fb2f818694469519fb685cc7eaff05d3451a9ebe55c646891"},
    {file = "Pillow-10.0.0-cp310-cp310-macosx_11_0_arm64.whl", hash = "sha256:d5db32e2a6ccbb3d34d87c87b432959e0db29755727afb37290e10f6e8e62614"},
    {file = "Pillow-10.0.0-cp310-cp310-manylinux_2_17_aarch64.manylinux2014_aarch64.whl", hash = "sha256:edf4392b77bdc81f36e92d3a07a5cd072f90253197f4a52a55a8cec48a12483b"},
    {file = "Pillow-10.0.0-cp310-cp310-manylinux_2_17_x86_64.manylinux2014_x86_64.whl", hash = "sha256:520f2a520dc040512699f20fa1c363eed506e94248d71f85412b625026f6142c"},
    {file = "Pillow-10.0.0-cp310-cp310-manylinux_2_28_aarch64.whl", hash = "sha256:8c11160913e3dd06c8ffdb5f233a4f254cb449f4dfc0f8f4549eda9e542c93d1"},
    {file = "Pillow-10.0.0-cp310-cp310-manylinux_2_28_x86_64.whl", hash = "sha256:a74ba0c356aaa3bb8e3eb79606a87669e7ec6444be352870623025d75a14a2bf"},
    {file = "Pillow-10.0.0-cp310-cp310-musllinux_1_1_aarch64.whl", hash = "sha256:d5d0dae4cfd56969d23d94dc8e89fb6a217be461c69090768227beb8ed28c0a3"},
    {file = "Pillow-10.0.0-cp310-cp310-musllinux_1_1_x86_64.whl", hash = "sha256:22c10cc517668d44b211717fd9775799ccec4124b9a7f7b3635fc5386e584992"},
    {file = "Pillow-10.0.0-cp310-cp310-win_amd64.whl", hash = "sha256:dffe31a7f47b603318c609f378ebcd57f1554a3a6a8effbc59c3c69f804296de"},
    {file = "Pillow-10.0.0-cp311-cp311-macosx_10_10_x86_64.whl", hash = "sha256:9fb218c8a12e51d7ead2a7c9e101a04982237d4855716af2e9499306728fb485"},
    {file = "Pillow-10.0.0-cp311-cp311-macosx_11_0_arm64.whl", hash = "sha256:d35e3c8d9b1268cbf5d3670285feb3528f6680420eafe35cccc686b73c1e330f"},
    {file = "Pillow-10.0.0-cp311-cp311-manylinux_2_17_aarch64.manylinux2014_aarch64.whl", hash = "sha256:3ed64f9ca2f0a95411e88a4efbd7a29e5ce2cea36072c53dd9d26d9c76f753b3"},
    {file = "Pillow-10.0.0-cp311-cp311-manylinux_2_17_x86_64.manylinux2014_x86_64.whl", hash = "sha256:0b6eb5502f45a60a3f411c63187db83a3d3107887ad0d036c13ce836f8a36f1d"},
    {file = "Pillow-10.0.0-cp311-cp311-manylinux_2_28_aarch64.whl", hash = "sha256:c1fbe7621c167ecaa38ad29643d77a9ce7311583761abf7836e1510c580bf3dd"},
    {file = "Pillow-10.0.0-cp311-cp311-manylinux_2_28_x86_64.whl", hash = "sha256:cd25d2a9d2b36fcb318882481367956d2cf91329f6892fe5d385c346c0649629"},
    {file = "Pillow-10.0.0-cp311-cp311-musllinux_1_1_aarch64.whl", hash = "sha256:3b08d4cc24f471b2c8ca24ec060abf4bebc6b144cb89cba638c720546b1cf538"},
    {file = "Pillow-10.0.0-cp311-cp311-musllinux_1_1_x86_64.whl", hash = "sha256:d737a602fbd82afd892ca746392401b634e278cb65d55c4b7a8f48e9ef8d008d"},
    {file = "Pillow-10.0.0-cp311-cp311-win_amd64.whl", hash = "sha256:3a82c40d706d9aa9734289740ce26460a11aeec2d9c79b7af87bb35f0073c12f"},
    {file = "Pillow-10.0.0-cp312-cp312-macosx_10_10_x86_64.whl", hash = "sha256:d80cf684b541685fccdd84c485b31ce73fc5c9b5d7523bf1394ce134a60c6883"},
    {file = "Pillow-10.0.0-cp312-cp312-macosx_11_0_arm64.whl", hash = "sha256:76de421f9c326da8f43d690110f0e79fe3ad1e54be811545d7d91898b4c8493e"},
    {file = "Pillow-10.0.0-cp312-cp312-manylinux_2_17_aarch64.manylinux2014_aarch64.whl", hash = "sha256:81ff539a12457809666fef6624684c008e00ff6bf455b4b89fd00a140eecd640"},
    {file = "Pillow-10.0.0-cp312-cp312-manylinux_2_17_x86_64.manylinux2014_x86_64.whl", hash = "sha256:ce543ed15570eedbb85df19b0a1a7314a9c8141a36ce089c0a894adbfccb4568"},
    {file = "Pillow-10.0.0-cp312-cp312-manylinux_2_28_aarch64.whl", hash = "sha256:685ac03cc4ed5ebc15ad5c23bc555d68a87777586d970c2c3e216619a5476223"},
    {file = "Pillow-10.0.0-cp312-cp312-manylinux_2_28_x86_64.whl", hash = "sha256:d72e2ecc68a942e8cf9739619b7f408cc7b272b279b56b2c83c6123fcfa5cdff"},
    {file = "Pillow-10.0.0-cp312-cp312-musllinux_1_1_aarch64.whl", hash = "sha256:d50b6aec14bc737742ca96e85d6d0a5f9bfbded018264b3b70ff9d8c33485551"},
    {file = "Pillow-10.0.0-cp312-cp312-musllinux_1_1_x86_64.whl", hash = "sha256:00e65f5e822decd501e374b0650146063fbb30a7264b4d2744bdd7b913e0cab5"},
    {file = "Pillow-10.0.0-cp312-cp312-win_amd64.whl", hash = "sha256:f31f9fdbfecb042d046f9d91270a0ba28368a723302786c0009ee9b9f1f60199"},
    {file = "Pillow-10.0.0-cp38-cp38-macosx_10_10_x86_64.whl", hash = "sha256:349930d6e9c685c089284b013478d6f76e3a534e36ddfa912cde493f235372f3"},
    {file = "Pillow-10.0.0-cp38-cp38-macosx_11_0_arm64.whl", hash = "sha256:3a684105f7c32488f7153905a4e3015a3b6c7182e106fe3c37fbb5ef3e6994c3"},
    {file = "Pillow-10.0.0-cp38-cp38-manylinux_2_17_aarch64.manylinux2014_aarch64.whl", hash = "sha256:b4f69b3700201b80bb82c3a97d5e9254084f6dd5fb5b16fc1a7b974260f89f43"},
    {file = "Pillow-10.0.0-cp38-cp38-manylinux_2_17_x86_64.manylinux2014_x86_64.whl", hash = "sha256:3f07ea8d2f827d7d2a49ecf1639ec02d75ffd1b88dcc5b3a61bbb37a8759ad8d"},
    {file = "Pillow-10.0.0-cp38-cp38-manylinux_2_28_aarch64.whl", hash = "sha256:040586f7d37b34547153fa383f7f9aed68b738992380ac911447bb78f2abe530"},
    {file = "Pillow-10.0.0-cp38-cp38-manylinux_2_28_x86_64.whl", hash = "sha256:f88a0b92277de8e3ca715a0d79d68dc82807457dae3ab8699c758f07c20b3c51"},
    {file = "Pillow-10.0.0-cp38-cp38-musllinux_1_1_aarch64.whl", hash = "sha256:c7cf14a27b0d6adfaebb3ae4153f1e516df54e47e42dcc073d7b3d76111a8d86"},
    {file = "Pillow-10.0.0-cp38-cp38-musllinux_1_1_x86_64.whl", hash = "sha256:3400aae60685b06bb96f99a21e1ada7bc7a413d5f49bce739828ecd9391bb8f7"},
    {file = "Pillow-10.0.0-cp38-cp38-win_amd64.whl", hash = "sha256:dbc02381779d412145331789b40cc7b11fdf449e5d94f6bc0b080db0a56ea3f0"},
    {file = "Pillow-10.0.0-cp39-cp39-macosx_10_10_x86_64.whl", hash = "sha256:9211e7ad69d7c9401cfc0e23d49b69ca65ddd898976d660a2fa5904e3d7a9baa"},
    {file = "Pillow-10.0.0-cp39-cp39-macosx_11_0_arm64.whl", hash = "sha256:faaf07ea35355b01a35cb442dd950d8f1bb5b040a7787791a535de13db15ed90"},
    {file = "Pillow-10.0.0-cp39-cp39-manylinux_2_17_aarch64.manylinux2014_aarch64.whl", hash = "sha256:c9f72a021fbb792ce98306ffb0c348b3c9cb967dce0f12a49aa4c3d3fdefa967"},
    {file = "Pillow-10.0.0-cp39-cp39-manylinux_2_17_x86_64.manylinux2014_x86_64.whl", hash = "sha256:9f7c16705f44e0504a3a2a14197c1f0b32a95731d251777dcb060aa83022cb2d"},
    {file = "Pillow-10.0.0-cp39-cp39-manylinux_2_28_aarch64.whl", hash = "sha256:76edb0a1fa2b4745fb0c99fb9fb98f8b180a1bbceb8be49b087e0b21867e77d3"},
    {file = "Pillow-10.0.0-cp39-cp39-manylinux_2_28_x86_64.whl", hash = "sha256:368ab3dfb5f49e312231b6f27b8820c823652b7cd29cfbd34090565a015e99ba"},
    {file = "Pillow-10.0.0-cp39-cp39-musllinux_1_1_aarch64.whl", hash = "sha256:608bfdee0d57cf297d32bcbb3c728dc1da0907519d1784962c5f0c68bb93e5a3"},
    {file = "Pillow-10.0.0-cp39-cp39-musllinux_1_1_x86_64.whl", hash = "sha256:5c6e3df6bdd396749bafd45314871b3d0af81ff935b2d188385e970052091017"},
    {file = "Pillow-10.0.0-cp39-cp39-win_amd64.whl", hash = "sha256:7be600823e4c8631b74e4a0d38384c73f680e6105a7d3c6824fcf226c178c7e6"},
    {file = "Pillow-10.0.0-pp310-pypy310_pp73-macosx_10_10_x86_64.whl", hash = "sha256:92be919bbc9f7d09f7ae343c38f5bb21c973d2576c1d45600fce4b74bafa7ac0"},
    {file = "Pillow-10.0.0-pp310-pypy310_pp73-manylinux_2_17_x86_64.manylinux2014_x86_64.whl", hash = "sha256:8f8182b523b2289f7c415f589118228d30ac8c355baa2f3194ced084dac2dbba"},
    {file = "Pillow-10.0.0-pp310-pypy310_pp73-manylinux_2_28_x86_64.whl", hash = "sha256:38250a349b6b390ee6047a62c086d3817ac69022c127f8a5dc058c31ccef17f3"},
    {file = "Pillow-10.0.0-pp310-pypy310_pp73-win_amd64.whl", hash = "sha256:88af2003543cc40c80f6fca01411892ec52b11021b3dc22ec3bc9d5afd1c5334"},
    {file = "Pillow-10.0.0-pp39-pypy39_pp73-macosx_10_10_x86_64.whl", hash = "sha256:c189af0545965fa8d3b9613cfdb0cd37f9d71349e0f7750e1fd704648d475ed2"},
    {file = "Pillow-10.0.0-pp39-pypy39_pp73-manylinux_2_17_x86_64.manylinux2014_x86_64.whl", hash = "sha256:ce7b031a6fc11365970e6a5686d7ba8c63e4c1cf1ea143811acbb524295eabed"},
    {file = "Pillow-10.0.0-pp39-pypy39_pp73-manylinux_2_28_x86_64.whl", hash = "sha256:db24668940f82321e746773a4bc617bfac06ec831e5c88b643f91f122a785684"},
    {file = "Pillow-10.0.0-pp39-pypy39_pp73-win_amd64.whl", hash = "sha256:efe8c0681042536e0d06c11f48cebe759707c9e9abf880ee213541c5b46c5bf3"},
    {file = "Pillow-10.0.0.tar.gz", hash = "sha256:9c82b5b3e043c7af0d95792d0d20ccf68f61a1fec6b3530e718b688422727396"},
]

[package.extras]
docs = ["furo", "olefile", "sphinx (>=2.4)", "sphinx-copybutton", "sphinx-inline-tabs", "sphinx-removed-in", "sphinxext-opengraph"]
tests = ["check-manifest", "coverage", "defusedxml", "markdown2", "olefile", "packaging", "pyroma", "pytest", "pytest-cov", "pytest-timeout"]

[[package]]
name = "pillow-heif"
version = "0.11.1"
description = "Python interface for libheif library"
optional = false
python-versions = ">=3.7"
files = [
    {file = "pillow_heif-0.11.1-cp310-cp310-macosx_10_9_x86_64.whl", hash = "sha256:6f18b90eb0323a69c06ff3ae04b29e0fe9c4217371223362483663f047f50a90"},
    {file = "pillow_heif-0.11.1-cp310-cp310-macosx_12_0_arm64.whl", hash = "sha256:3180affbdf4795af773e0305a549e7a90578efe3edf5614eb7b6751e55b1a5e8"},
    {file = "pillow_heif-0.11.1-cp310-cp310-manylinux_2_17_aarch64.manylinux2014_aarch64.whl", hash = "sha256:674c5336f322b9f4980c0e154a24e39a46dbb3fe43b5c8200267f84ea47db951"},
    {file = "pillow_heif-0.11.1-cp310-cp310-manylinux_2_17_i686.manylinux2014_i686.whl", hash = "sha256:a9b45a3958f1f4957e9566440eb06005bc3fd5f0cef0b09096627b302c161a13"},
    {file = "pillow_heif-0.11.1-cp310-cp310-manylinux_2_17_x86_64.manylinux2014_x86_64.whl", hash = "sha256:d016abb79e1aec30dda04a51327278b64aaf6d11905271703c817fd42e6dbe94"},
    {file = "pillow_heif-0.11.1-cp310-cp310-musllinux_1_1_aarch64.whl", hash = "sha256:b2cebf8b204d318ccc558b08c00fc27150f57613c937a65ce29758dd26ad8498"},
    {file = "pillow_heif-0.11.1-cp310-cp310-musllinux_1_1_i686.whl", hash = "sha256:00fbc9d2a3279101f20aeca68c10e73a29926582853101dfd350d747bddd3917"},
    {file = "pillow_heif-0.11.1-cp310-cp310-musllinux_1_1_x86_64.whl", hash = "sha256:b20688e1468051527363a9832697208c1a1cb66872067fe54db43cd9985f1128"},
    {file = "pillow_heif-0.11.1-cp310-cp310-win_amd64.whl", hash = "sha256:9262c5b2dc4d96038a69efddd70820aacc80cab46479be472c136125700602cf"},
    {file = "pillow_heif-0.11.1-cp311-cp311-macosx_10_9_x86_64.whl", hash = "sha256:aae9d19484fe6c11d374709b84a5e5a692bf912191ed4544c089517ddd817f61"},
    {file = "pillow_heif-0.11.1-cp311-cp311-macosx_12_0_arm64.whl", hash = "sha256:6bfa1a6dac500acb38bdc184d85b783ee9b05c7c31db7dcedf1093c233d127ff"},
    {file = "pillow_heif-0.11.1-cp311-cp311-manylinux_2_17_aarch64.manylinux2014_aarch64.whl", hash = "sha256:0d10978484a7357e18263132b6c5c82bd95d6c5f30547e5df18f08e38bd26ac0"},
    {file = "pillow_heif-0.11.1-cp311-cp311-manylinux_2_17_i686.manylinux2014_i686.whl", hash = "sha256:3caea269bb3473c6b7b5be1653a1501ab3c56b050edf4f55e3b99a8cbc0975a7"},
    {file = "pillow_heif-0.11.1-cp311-cp311-manylinux_2_17_x86_64.manylinux2014_x86_64.whl", hash = "sha256:060184ee7320926e079eddef84aa318a56d71ce945d5d5c02545e832639e8a58"},
    {file = "pillow_heif-0.11.1-cp311-cp311-musllinux_1_1_aarch64.whl", hash = "sha256:bee7625838cd3258848081cb3b0085c79108658c2944add7b0474d6cf5ac3326"},
    {file = "pillow_heif-0.11.1-cp311-cp311-musllinux_1_1_i686.whl", hash = "sha256:994d646b1264d52b25a7ae1bd273408a8056ab655e3336be2adb5e41430c624b"},
    {file = "pillow_heif-0.11.1-cp311-cp311-musllinux_1_1_x86_64.whl", hash = "sha256:5d3d9dfb918f614f56b5c083040392d096c11f186460526daa93fe2db04bb9b1"},
    {file = "pillow_heif-0.11.1-cp311-cp311-win_amd64.whl", hash = "sha256:ab5a0b4242595abebd04ef76093cc4e8d26d74b5aed6974703418584514a1d49"},
    {file = "pillow_heif-0.11.1-cp37-cp37m-macosx_10_9_x86_64.whl", hash = "sha256:4e3fb97fba88a5c58103e67f9a7eac1152abf177f18d6d38f50fabf668c233d9"},
    {file = "pillow_heif-0.11.1-cp37-cp37m-manylinux_2_17_aarch64.manylinux2014_aarch64.whl", hash = "sha256:8d3d13419dcff0ab08875c4cbcf49041b3f6c855124b01f2302e9f9a53ba0ed7"},
    {file = "pillow_heif-0.11.1-cp37-cp37m-manylinux_2_17_i686.manylinux2014_i686.whl", hash = "sha256:0082f12b6e39e3ed69c62d3aa2d589206bb1c19f2e4ce762dce8b6a070384aef"},
    {file = "pillow_heif-0.11.1-cp37-cp37m-manylinux_2_17_x86_64.manylinux2014_x86_64.whl", hash = "sha256:24a2cea09513d6e95c4bb5113602d7880469aae9248980975b78eb3b0347ff73"},
    {file = "pillow_heif-0.11.1-cp37-cp37m-win_amd64.whl", hash = "sha256:c556dd9d0185a854ca2c735af6f655da5c53a86df1852ef9976de8bddb615562"},
    {file = "pillow_heif-0.11.1-cp38-cp38-macosx_10_9_x86_64.whl", hash = "sha256:3512f0ff8127fa597624bba72e652d77b1bc402eb84f5fc55ea63b97718b3f8d"},
    {file = "pillow_heif-0.11.1-cp38-cp38-macosx_12_0_arm64.whl", hash = "sha256:0051bb38d1972e85007c57cbf9f13f28e4924836262b911098a1a7884433bb9a"},
    {file = "pillow_heif-0.11.1-cp38-cp38-manylinux_2_17_aarch64.manylinux2014_aarch64.whl", hash = "sha256:939f7d40aad5f74392a5162f62d1f03fce5377bb58a72992347bdc1e5c88b8a0"},
    {file = "pillow_heif-0.11.1-cp38-cp38-manylinux_2_17_i686.manylinux2014_i686.whl", hash = "sha256:aad191c1e692fddc6d3e2255ab4e43e99bf4cfbf952c4ec93941adcb79721fa8"},
    {file = "pillow_heif-0.11.1-cp38-cp38-manylinux_2_17_x86_64.manylinux2014_x86_64.whl", hash = "sha256:5039ff7561fab8f9ee698de3952ec00b2b8498564dccd92b8e04b038e0e355ce"},
    {file = "pillow_heif-0.11.1-cp38-cp38-musllinux_1_1_aarch64.whl", hash = "sha256:585d621f9987ac8e030af758159aace8344f7f5af83808a28f9572d4ae274921"},
    {file = "pillow_heif-0.11.1-cp38-cp38-musllinux_1_1_i686.whl", hash = "sha256:64d3ef754a23d50aada1e6e69e2777a478b76b81aefbd6fc596d3a2719f1b87e"},
    {file = "pillow_heif-0.11.1-cp38-cp38-musllinux_1_1_x86_64.whl", hash = "sha256:d2057c75db5d579aa17359569f955023ad04438feb3ab672a351a59969fe0e0e"},
    {file = "pillow_heif-0.11.1-cp38-cp38-win_amd64.whl", hash = "sha256:ddeb8bd279d5638f63dfdd4dac04a08fe8036d33ebb3cb3e231116dfe2c48113"},
    {file = "pillow_heif-0.11.1-cp39-cp39-macosx_10_9_x86_64.whl", hash = "sha256:0f9edfe0df87ee179bc30c8031b1ed424d0d2b552e928724cac3ee36dbb20bac"},
    {file = "pillow_heif-0.11.1-cp39-cp39-macosx_12_0_arm64.whl", hash = "sha256:6b3d1717b26d23bdbb525f3884ec8889b90b4859f907096e0a7732c574198173"},
    {file = "pillow_heif-0.11.1-cp39-cp39-manylinux_2_17_aarch64.manylinux2014_aarch64.whl", hash = "sha256:c3fa02490ba584d442d18a45efaacb63bb7eb88a83bbe7b33ce2697c25fa3d4a"},
    {file = "pillow_heif-0.11.1-cp39-cp39-manylinux_2_17_i686.manylinux2014_i686.whl", hash = "sha256:f4a28c5468e2df4be47de557c54c0373a7631923c3a4e7a126b85240881fb663"},
    {file = "pillow_heif-0.11.1-cp39-cp39-manylinux_2_17_x86_64.manylinux2014_x86_64.whl", hash = "sha256:29c0adc567875954a11f0d89cdfbb96eb4243b42b88a6d648084311c79da2e1c"},
    {file = "pillow_heif-0.11.1-cp39-cp39-musllinux_1_1_aarch64.whl", hash = "sha256:c19d951784d4b424f6bedac3acb47e4e042877fd9f7a5d6595ebce41357899ee"},
    {file = "pillow_heif-0.11.1-cp39-cp39-musllinux_1_1_i686.whl", hash = "sha256:f3ce5710256db221a2c83ac686c07657ad0af048988e32944f9855d00b8a4981"},
    {file = "pillow_heif-0.11.1-cp39-cp39-musllinux_1_1_x86_64.whl", hash = "sha256:167c0d40e5d563dac0ad2509ebcfe72f95d00d7722f22871438c2b6c9d8ba005"},
    {file = "pillow_heif-0.11.1-cp39-cp39-win_amd64.whl", hash = "sha256:f158179dc92df06e1def08e92a856190c1b73887a56376aa8c36bdcaee51cd0e"},
    {file = "pillow_heif-0.11.1-pp38-pypy38_pp73-macosx_10_9_x86_64.whl", hash = "sha256:8c533ea91d814f72a6b24926d900b5f9948e8b44e6d00c78ed959c41dc6defaa"},
    {file = "pillow_heif-0.11.1-pp38-pypy38_pp73-manylinux_2_17_aarch64.manylinux2014_aarch64.whl", hash = "sha256:9c27683558acb770ff5e5a3af6207206bdc840e4a326111318b2bb6cd3130be3"},
    {file = "pillow_heif-0.11.1-pp38-pypy38_pp73-manylinux_2_17_x86_64.manylinux2014_x86_64.whl", hash = "sha256:d8f2184705aa55569ded7421f814b831646ea7bd04021d3180cc245795a0399a"},
    {file = "pillow_heif-0.11.1-pp38-pypy38_pp73-win_amd64.whl", hash = "sha256:73196108973303a26edba331db5c1f2ab411ea8bec1e50c25710eb7cfebcd5f8"},
    {file = "pillow_heif-0.11.1-pp39-pypy39_pp73-macosx_10_9_x86_64.whl", hash = "sha256:1e18fd71789b7702b4968197ff0f9152f60ae28acea7dbfd846552b7374481c1"},
    {file = "pillow_heif-0.11.1-pp39-pypy39_pp73-manylinux_2_17_aarch64.manylinux2014_aarch64.whl", hash = "sha256:bfc773ff0df5f914d88cbf239960e68f048b719aee0d6539bdacfb1777c4aa4a"},
    {file = "pillow_heif-0.11.1-pp39-pypy39_pp73-manylinux_2_17_x86_64.manylinux2014_x86_64.whl", hash = "sha256:8e26bd64a32fb7919c8800fb808841a5ba349b0ebf415c42704b1442a8f40749"},
    {file = "pillow_heif-0.11.1-pp39-pypy39_pp73-win_amd64.whl", hash = "sha256:4868e2a35086f878d8d9ecc696ad828480af1a4a367442fd1b39ae16345c5332"},
    {file = "pillow_heif-0.11.1.tar.gz", hash = "sha256:41d93ad6ddc374beb610a072d5da9115b9cb0491973694604ea8d45badab4023"},
]

[package.dependencies]
pillow = ">=8.4.0"

[package.extras]
dev = ["coverage", "defusedxml", "numpy", "opencv-python (==4.7.0.72)", "packaging", "pre-commit", "pylint", "pympler", "pytest"]
docs = ["sphinx (>=4.4)", "sphinx-issues (>=3.0.1)", "sphinx-rtd-theme (>=1.0)"]
tests = ["defusedxml", "numpy", "packaging", "pympler", "pytest"]
tests-min = ["defusedxml", "packaging", "pytest"]

[metadata]
lock-version = "2.0"
python-versions = "3.11.*"
content-hash = "16aed5435b65948234e5b138242017133d5b4634e8a067599a624c5be693ed89"
